
Microsoft Visual Studio Solution File, Format Version 12.00
# Visual Studio Version 17
VisualStudioVersion = 17.6.33801.468
MinimumVisualStudioVersion = 10.0.40219.1
Project("{FAE04EC0-301F-11D3-BF4B-00C04F79EFBC}") = "AdoWinFormsApp", "AdoWinFormsApp\AdoWinFormsApp.csproj", "{DE0DF6ED-E2B2-4115-9C48-3623E9DC5A10}"
EndProject
Global
	GlobalSection(SolutionConfigurationPlatforms) = preSolution
		Debug|Any CPU = Debug|Any CPU
		Release|Any CPU = Release|Any CPU
	EndGlobalSection
	GlobalSection(ProjectConfigurationPlatforms) = postSolution
		{DE0DF6ED-E2B2-4115-9C48-3623E9DC5A10}.Debug|Any CPU.ActiveCfg = Debug|Any CPU
		{DE0DF6ED-E2B2-4115-9C48-3623E9DC5A10}.Debug|Any CPU.Build.0 = Debug|Any CPU
		{DE0DF6ED-E2B2-4115-9C48-3623E9DC5A10}.Release|Any CPU.ActiveCfg = Release|Any CPU
		{DE0DF6ED-E2B2-4115-9C48-3623E9DC5A10}.Release|Any CPU.Build.0 = Release|Any CPU
	EndGlobalSection
	GlobalSection(SolutionProperties) = preSolution
		HideSolutionNode = FALSE
	EndGlobalSection
	GlobalSection(ExtensibilityGlobals) = postSolution
		SolutionGuid = {AAD5C152-8E49-4D3A-AAFB-916AA7C9F681}
	EndGlobalSection
EndGlobal
